
Microsoft Visual Studio Solution File, Format Version 12.00
# Visual Studio Version 17
VisualStudioVersion = 17.10.34928.147
MinimumVisualStudioVersion = 10.0.40219.1
Project("{FAE04EC0-301F-11D3-BF4B-00C04F79EFBC}") = "ASPCoreWEBmvc", "ASPCoreWEBmvc\ASPCoreWEBmvc.csproj", "{A73AC4DD-E448-4013-9997-F34C13E06E76}"
EndProject
Global
	GlobalSection(SolutionConfigurationPlatforms) = preSolution
		Debug|Any CPU = Debug|Any CPU
		Release|Any CPU = Release|Any CPU
	EndGlobalSection
	GlobalSection(ProjectConfigurationPlatforms) = postSolution
		{A73AC4DD-E448-4013-9997-F34C13E06E76}.Debug|Any CPU.ActiveCfg = Debug|Any CPU
		{A73AC4DD-E448-4013-9997-F34C13E06E76}.Debug|Any CPU.Build.0 = Debug|Any CPU
		{A73AC4DD-E448-4013-9997-F34C13E06E76}.Release|Any CPU.ActiveCfg = Release|Any CPU
		{A73AC4DD-E448-4013-9997-F34C13E06E76}.Release|Any CPU.Build.0 = Release|Any CPU
	EndGlobalSection
	GlobalSection(SolutionProperties) = preSolution
		HideSolutionNode = FALSE
	EndGlobalSection
	GlobalSection(ExtensibilityGlobals) = postSolution
		SolutionGuid = {E428CE24-6097-4C3F-AA82-ED40E61F5978}
	EndGlobalSection
EndGlobal
